
Microsoft Visual Studio Solution File, Format Version 12.00
# Visual Studio Version 17
VisualStudioVersion = 17.11.35312.102
MinimumVisualStudioVersion = 10.0.40219.1
Project("{FAE04EC0-301F-11D3-BF4B-00C04F79EFBC}") = "Lesson11_Diziler", "Lesson11_Diziler.csproj", "{4D1EA81B-B964-482E-9811-E53CCA27612F}"
EndProject
Global
	GlobalSection(SolutionConfigurationPlatforms) = preSolution
		Debug|Any CPU = Debug|Any CPU
		Release|Any CPU = Release|Any CPU
	EndGlobalSection
	GlobalSection(ProjectConfigurationPlatforms) = postSolution
		{4D1EA81B-B964-482E-9811-E53CCA27612F}.Debug|Any CPU.ActiveCfg = Debug|Any CPU
		{4D1EA81B-B964-482E-9811-E53CCA27612F}.Debug|Any CPU.Build.0 = Debug|Any CPU
		{4D1EA81B-B964-482E-9811-E53CCA27612F}.Release|Any CPU.ActiveCfg = Release|Any CPU
		{4D1EA81B-B964-482E-9811-E53CCA27612F}.Release|Any CPU.Build.0 = Release|Any CPU
	EndGlobalSection
	GlobalSection(SolutionProperties) = preSolution
		HideSolutionNode = FALSE
	EndGlobalSection
	GlobalSection(ExtensibilityGlobals) = postSolution
		SolutionGuid = {32C31298-CA8E-4C0F-9287-7BF2714CC079}
	EndGlobalSection
EndGlobal
