
Microsoft Visual Studio Solution File, Format Version 12.00
# Visual Studio Version 17
VisualStudioVersion = 17.11.35312.102
MinimumVisualStudioVersion = 10.0.40219.1
Lesson("{FAE04EC0-301F-11D3-BF4B-00C04F79EFBC}") = "Lesson03_HelloWorld", "Lesson03_HelloWorld.csproj", "{026E3C05-A618-4805-AB40-59F006028216}"
EndLesson
Global
	GlobalSection(SolutionConfigurationPlatforms) = preSolution
		Debug|Any CPU = Debug|Any CPU
		Release|Any CPU = Release|Any CPU
	EndGlobalSection
	GlobalSection(LessonConfigurationPlatforms) = postSolution
		{026E3C05-A618-4805-AB40-59F006028216}.Debug|Any CPU.ActiveCfg = Debug|Any CPU
		{026E3C05-A618-4805-AB40-59F006028216}.Debug|Any CPU.Build.0 = Debug|Any CPU
		{026E3C05-A618-4805-AB40-59F006028216}.Release|Any CPU.ActiveCfg = Release|Any CPU
		{026E3C05-A618-4805-AB40-59F006028216}.Release|Any CPU.Build.0 = Release|Any CPU
	EndGlobalSection
	GlobalSection(SolutionProperties) = preSolution
		HideSolutionNode = FALSE
	EndGlobalSection
	GlobalSection(ExtensibilityGlobals) = postSolution
		SolutionGuid = {F1E821DE-BDAA-43CB-B0BE-4701DA29C080}
	EndGlobalSection
EndGlobal
