
Microsoft Visual Studio Solution File, Format Version 12.00
# Visual Studio Version 17
VisualStudioVersion = 17.11.35312.102
MinimumVisualStudioVersion = 10.0.40219.1
Project("{FAE04EC0-301F-11D3-BF4B-00C04F79EFBC}") = "Lesson10_MetotlarAsiriYüklenme", "Lesson10_MetotlarAsiriYüklenme.csproj", "{3B3B5AF3-0C89-445C-9885-CA25C137554A}"
EndProject
Global
	GlobalSection(SolutionConfigurationPlatforms) = preSolution
		Debug|Any CPU = Debug|Any CPU
		Release|Any CPU = Release|Any CPU
	EndGlobalSection
	GlobalSection(ProjectConfigurationPlatforms) = postSolution
		{3B3B5AF3-0C89-445C-9885-CA25C137554A}.Debug|Any CPU.ActiveCfg = Debug|Any CPU
		{3B3B5AF3-0C89-445C-9885-CA25C137554A}.Debug|Any CPU.Build.0 = Debug|Any CPU
		{3B3B5AF3-0C89-445C-9885-CA25C137554A}.Release|Any CPU.ActiveCfg = Release|Any CPU
		{3B3B5AF3-0C89-445C-9885-CA25C137554A}.Release|Any CPU.Build.0 = Release|Any CPU
	EndGlobalSection
	GlobalSection(SolutionProperties) = preSolution
		HideSolutionNode = FALSE
	EndGlobalSection
	GlobalSection(ExtensibilityGlobals) = postSolution
		SolutionGuid = {AD04EB3C-6AFB-48DC-A09F-0622A0849564}
	EndGlobalSection
EndGlobal
