
Microsoft Visual Studio Solution File, Format Version 12.00
# Visual Studio Version 17
VisualStudioVersion = 17.5.002.0
MinimumVisualStudioVersion = 10.0.40219.1
Project("{9A19103F-16F7-4668-BE54-9A1E7A4F7556}") = "SOLID02-OpenClosedRepsonsibility", "SOLID02-OpenClosedRepsonsibility.csproj", "{635D86AF-BC89-48B1-8367-D88950131474}"
EndProject
Global
	GlobalSection(SolutionConfigurationPlatforms) = preSolution
		Debug|Any CPU = Debug|Any CPU
		Release|Any CPU = Release|Any CPU
	EndGlobalSection
	GlobalSection(ProjectConfigurationPlatforms) = postSolution
		{635D86AF-BC89-48B1-8367-D88950131474}.Debug|Any CPU.ActiveCfg = Debug|Any CPU
		{635D86AF-BC89-48B1-8367-D88950131474}.Debug|Any CPU.Build.0 = Debug|Any CPU
		{635D86AF-BC89-48B1-8367-D88950131474}.Release|Any CPU.ActiveCfg = Release|Any CPU
		{635D86AF-BC89-48B1-8367-D88950131474}.Release|Any CPU.Build.0 = Release|Any CPU
	EndGlobalSection
	GlobalSection(SolutionProperties) = preSolution
		HideSolutionNode = FALSE
	EndGlobalSection
	GlobalSection(ExtensibilityGlobals) = postSolution
		SolutionGuid = {71A07D96-02DA-4CD1-AA92-37707808AB9B}
	EndGlobalSection
EndGlobal
