
Microsoft Visual Studio Solution File, Format Version 12.00
# Visual Studio Version 17
VisualStudioVersion = 17.5.002.0
MinimumVisualStudioVersion = 10.0.40219.1
Project("{9A19103F-16F7-4668-BE54-9A1E7A4F7556}") = "SOLID01-SingleRepsonsibility", "SOLID01-SingleRepsonsibility.csproj", "{19566E1F-5FFA-48EF-860B-C302AAEED418}"
EndProject
Global
	GlobalSection(SolutionConfigurationPlatforms) = preSolution
		Debug|Any CPU = Debug|Any CPU
		Release|Any CPU = Release|Any CPU
	EndGlobalSection
	GlobalSection(ProjectConfigurationPlatforms) = postSolution
		{19566E1F-5FFA-48EF-860B-C302AAEED418}.Debug|Any CPU.ActiveCfg = Debug|Any CPU
		{19566E1F-5FFA-48EF-860B-C302AAEED418}.Debug|Any CPU.Build.0 = Debug|Any CPU
		{19566E1F-5FFA-48EF-860B-C302AAEED418}.Release|Any CPU.ActiveCfg = Release|Any CPU
		{19566E1F-5FFA-48EF-860B-C302AAEED418}.Release|Any CPU.Build.0 = Release|Any CPU
	EndGlobalSection
	GlobalSection(SolutionProperties) = preSolution
		HideSolutionNode = FALSE
	EndGlobalSection
	GlobalSection(ExtensibilityGlobals) = postSolution
		SolutionGuid = {26C0E94B-CD5E-45C1-9730-FBC999F3B0FB}
	EndGlobalSection
EndGlobal
