
Microsoft Visual Studio Solution File, Format Version 12.00
# Visual Studio Version 17
VisualStudioVersion = 17.11.35327.3
MinimumVisualStudioVersion = 10.0.40219.1
Project("{9A19103F-16F7-4668-BE54-9A1E7A4F7556}") = "MVC01_SampleProjectWithVisualStudio", "MVC01_SampleProjectWithVisualStudio\MVC01_SampleProjectWithVisualStudio.csproj", "{DD223B11-9E83-49FA-8AC6-8C9F5DE1EA8E}"
EndProject
Global
	GlobalSection(SolutionConfigurationPlatforms) = preSolution
		Debug|Any CPU = Debug|Any CPU
		Release|Any CPU = Release|Any CPU
	EndGlobalSection
	GlobalSection(ProjectConfigurationPlatforms) = postSolution
		{DD223B11-9E83-49FA-8AC6-8C9F5DE1EA8E}.Debug|Any CPU.ActiveCfg = Debug|Any CPU
		{DD223B11-9E83-49FA-8AC6-8C9F5DE1EA8E}.Debug|Any CPU.Build.0 = Debug|Any CPU
		{DD223B11-9E83-49FA-8AC6-8C9F5DE1EA8E}.Release|Any CPU.ActiveCfg = Release|Any CPU
		{DD223B11-9E83-49FA-8AC6-8C9F5DE1EA8E}.Release|Any CPU.Build.0 = Release|Any CPU
	EndGlobalSection
	GlobalSection(SolutionProperties) = preSolution
		HideSolutionNode = FALSE
	EndGlobalSection
	GlobalSection(ExtensibilityGlobals) = postSolution
		SolutionGuid = {2629AEA5-EC3D-400C-8C27-4AE6635BF230}
	EndGlobalSection
EndGlobal
