
Microsoft Visual Studio Solution File, Format Version 12.00
# Visual Studio Version 17
VisualStudioVersion = 17.11.35312.102
MinimumVisualStudioVersion = 10.0.40219.1
Project("{FAE04EC0-301F-11D3-BF4B-00C04F79EFBC}") = "Lesson19_Kapsulleme_Encapsulation", "Lesson19_Kapsulleme_Encapsulation.csproj", "{A91653F4-DC11-40A8-937C-9D0E2271877D}"
EndProject
Global
	GlobalSection(SolutionConfigurationPlatforms) = preSolution
		Debug|Any CPU = Debug|Any CPU
		Release|Any CPU = Release|Any CPU
	EndGlobalSection
	GlobalSection(ProjectConfigurationPlatforms) = postSolution
		{A91653F4-DC11-40A8-937C-9D0E2271877D}.Debug|Any CPU.ActiveCfg = Debug|Any CPU
		{A91653F4-DC11-40A8-937C-9D0E2271877D}.Debug|Any CPU.Build.0 = Debug|Any CPU
		{A91653F4-DC11-40A8-937C-9D0E2271877D}.Release|Any CPU.ActiveCfg = Release|Any CPU
		{A91653F4-DC11-40A8-937C-9D0E2271877D}.Release|Any CPU.Build.0 = Release|Any CPU
	EndGlobalSection
	GlobalSection(SolutionProperties) = preSolution
		HideSolutionNode = FALSE
	EndGlobalSection
	GlobalSection(ExtensibilityGlobals) = postSolution
		SolutionGuid = {5353A96D-4C61-4B59-8918-97555663A3F1}
	EndGlobalSection
EndGlobal
